
Microsoft Visual Studio Solution File, Format Version 12.00
# Visual Studio Version 17
VisualStudioVersion = 17.7.34024.191
MinimumVisualStudioVersion = 10.0.40219.1
Project("{FAE04EC0-301F-11D3-BF4B-00C04F79EFBC}") = "CTU_Techspo", "CTU_Techspo\CTU_Techspo.csproj", "{58745C98-FB5C-4488-9062-6513F1A21903}"
EndProject
Global
	GlobalSection(SolutionConfigurationPlatforms) = preSolution
		Debug|Any CPU = Debug|Any CPU
		Release|Any CPU = Release|Any CPU
	EndGlobalSection
	GlobalSection(ProjectConfigurationPlatforms) = postSolution
		{58745C98-FB5C-4488-9062-6513F1A21903}.Debug|Any CPU.ActiveCfg = Debug|Any CPU
		{58745C98-FB5C-4488-9062-6513F1A21903}.Debug|Any CPU.Build.0 = Debug|Any CPU
		{58745C98-FB5C-4488-9062-6513F1A21903}.Release|Any CPU.ActiveCfg = Release|Any CPU
		{58745C98-FB5C-4488-9062-6513F1A21903}.Release|Any CPU.Build.0 = Release|Any CPU
	EndGlobalSection
	GlobalSection(SolutionProperties) = preSolution
		HideSolutionNode = FALSE
	EndGlobalSection
	GlobalSection(ExtensibilityGlobals) = postSolution
		SolutionGuid = {F0B4085E-4F90-49E5-8048-05EEA0E9B4C5}
	EndGlobalSection
EndGlobal
